
Microsoft Visual Studio Solution File, Format Version 12.00
# Visual Studio Version 16
VisualStudioVersion = 16.0.30717.126
MinimumVisualStudioVersion = 10.0.40219.1
Project("{FAE04EC0-301F-11D3-BF4B-00C04F79EFBC}") = "Assign6_3", "Assign6_3\Assign6_3.csproj", "{6706064F-BF75-4536-9E14-3D35EDC149F1}"
EndProject
Global
	GlobalSection(SolutionConfigurationPlatforms) = preSolution
		Debug|Any CPU = Debug|Any CPU
		Release|Any CPU = Release|Any CPU
	EndGlobalSection
	GlobalSection(ProjectConfigurationPlatforms) = postSolution
		{6706064F-BF75-4536-9E14-3D35EDC149F1}.Debug|Any CPU.ActiveCfg = Debug|Any CPU
		{6706064F-BF75-4536-9E14-3D35EDC149F1}.Debug|Any CPU.Build.0 = Debug|Any CPU
		{6706064F-BF75-4536-9E14-3D35EDC149F1}.Release|Any CPU.ActiveCfg = Release|Any CPU
		{6706064F-BF75-4536-9E14-3D35EDC149F1}.Release|Any CPU.Build.0 = Release|Any CPU
	EndGlobalSection
	GlobalSection(SolutionProperties) = preSolution
		HideSolutionNode = FALSE
	EndGlobalSection
	GlobalSection(ExtensibilityGlobals) = postSolution
		SolutionGuid = {A68603BE-EF33-4DE5-96E7-F87B29691651}
	EndGlobalSection
EndGlobal
