
Microsoft Visual Studio Solution File, Format Version 12.00
# Visual Studio Version 16
VisualStudioVersion = 16.0.30717.126
MinimumVisualStudioVersion = 10.0.40219.1
Project("{FAE04EC0-301F-11D3-BF4B-00C04F79EFBC}") = "Assign5_1", "Assign5_1\Assign5_1.csproj", "{110A81CC-501F-4EF3-AE09-E8B328A3D7D1}"
EndProject
Global
	GlobalSection(SolutionConfigurationPlatforms) = preSolution
		Debug|Any CPU = Debug|Any CPU
		Release|Any CPU = Release|Any CPU
	EndGlobalSection
	GlobalSection(ProjectConfigurationPlatforms) = postSolution
		{110A81CC-501F-4EF3-AE09-E8B328A3D7D1}.Debug|Any CPU.ActiveCfg = Debug|Any CPU
		{110A81CC-501F-4EF3-AE09-E8B328A3D7D1}.Debug|Any CPU.Build.0 = Debug|Any CPU
		{110A81CC-501F-4EF3-AE09-E8B328A3D7D1}.Release|Any CPU.ActiveCfg = Release|Any CPU
		{110A81CC-501F-4EF3-AE09-E8B328A3D7D1}.Release|Any CPU.Build.0 = Release|Any CPU
	EndGlobalSection
	GlobalSection(SolutionProperties) = preSolution
		HideSolutionNode = FALSE
	EndGlobalSection
	GlobalSection(ExtensibilityGlobals) = postSolution
		SolutionGuid = {A843F3F2-02C0-4255-AD9E-BA741B38B3E3}
	EndGlobalSection
EndGlobal
